
Microsoft Visual Studio Solution File, Format Version 12.00
# Visual Studio Version 17
VisualStudioVersion = 17.11.35201.85
MinimumVisualStudioVersion = 10.0.40219.1
Project("{FAE04EC0-301F-11D3-BF4B-00C04F79EFBC}") = "BlazorHybridApp", "BlazorHybridApp.csproj", "{01240D25-6CA2-41E0-BB31-81300C30D972}"
EndProject
Global
	GlobalSection(SolutionConfigurationPlatforms) = preSolution
		Debug|Any CPU = Debug|Any CPU
		Release|Any CPU = Release|Any CPU
	EndGlobalSection
	GlobalSection(ProjectConfigurationPlatforms) = postSolution
		{01240D25-6CA2-41E0-BB31-81300C30D972}.Debug|Any CPU.ActiveCfg = Debug|Any CPU
		{01240D25-6CA2-41E0-BB31-81300C30D972}.Debug|Any CPU.Build.0 = Debug|Any CPU
		{01240D25-6CA2-41E0-BB31-81300C30D972}.Debug|Any CPU.Deploy.0 = Debug|Any CPU
		{01240D25-6CA2-41E0-BB31-81300C30D972}.Release|Any CPU.ActiveCfg = Release|Any CPU
		{01240D25-6CA2-41E0-BB31-81300C30D972}.Release|Any CPU.Build.0 = Release|Any CPU
		{01240D25-6CA2-41E0-BB31-81300C30D972}.Release|Any CPU.Deploy.0 = Release|Any CPU
	EndGlobalSection
	GlobalSection(SolutionProperties) = preSolution
		HideSolutionNode = FALSE
	EndGlobalSection
	GlobalSection(ExtensibilityGlobals) = postSolution
		SolutionGuid = {06872E30-39F8-496C-B58E-83FEF4E19CDE}
	EndGlobalSection
EndGlobal
